
Microsoft Visual Studio Solution File, Format Version 12.00
# Visual Studio Version 16
VisualStudioVersion = 16.0.30413.136
MinimumVisualStudioVersion = 10.0.40219.1
Project("{9A19103F-16F7-4668-BE54-9A1E7A4F7556}") = "BlogSite.Web", "BlogSite.Web\BlogSite.Web.csproj", "{3A8217C4-95AB-4B27-93B8-F3A4A1E6BD33}"
EndProject
Project("{9A19103F-16F7-4668-BE54-9A1E7A4F7556}") = "BlogSite.Framework", "BlogSite.Framework\BlogSite.Framework.csproj", "{0C0F856F-113E-4D69-8AED-C9D494FD17C9}"
EndProject
Project("{9A19103F-16F7-4668-BE54-9A1E7A4F7556}") = "BlogSite.Data", "BlogSite.Data\BlogSite.Data.csproj", "{31C02BFB-2CB8-4509-9B0D-CDE00902E267}"
EndProject
Project("{9A19103F-16F7-4668-BE54-9A1E7A4F7556}") = "Membership", "Membership\Membership.csproj", "{35E521FE-401E-47A7-B130-2BEFC36B9D6C}"
EndProject
Project("{FAE04EC0-301F-11D3-BF4B-00C04F79EFBC}") = "BlogSite.UnitTest", "BlogSite.UnitTest\BlogSite.UnitTest.csproj", "{B60CA688-8E47-4B74-B36F-12EEAE61C9F2}"
EndProject
Global
	GlobalSection(SolutionConfigurationPlatforms) = preSolution
		Debug|Any CPU = Debug|Any CPU
		Release|Any CPU = Release|Any CPU
	EndGlobalSection
	GlobalSection(ProjectConfigurationPlatforms) = postSolution
		{3A8217C4-95AB-4B27-93B8-F3A4A1E6BD33}.Debug|Any CPU.ActiveCfg = Debug|Any CPU
		{3A8217C4-95AB-4B27-93B8-F3A4A1E6BD33}.Debug|Any CPU.Build.0 = Debug|Any CPU
		{3A8217C4-95AB-4B27-93B8-F3A4A1E6BD33}.Release|Any CPU.ActiveCfg = Release|Any CPU
		{3A8217C4-95AB-4B27-93B8-F3A4A1E6BD33}.Release|Any CPU.Build.0 = Release|Any CPU
		{0C0F856F-113E-4D69-8AED-C9D494FD17C9}.Debug|Any CPU.ActiveCfg = Debug|Any CPU
		{0C0F856F-113E-4D69-8AED-C9D494FD17C9}.Debug|Any CPU.Build.0 = Debug|Any CPU
		{0C0F856F-113E-4D69-8AED-C9D494FD17C9}.Release|Any CPU.ActiveCfg = Release|Any CPU
		{0C0F856F-113E-4D69-8AED-C9D494FD17C9}.Release|Any CPU.Build.0 = Release|Any CPU
		{31C02BFB-2CB8-4509-9B0D-CDE00902E267}.Debug|Any CPU.ActiveCfg = Debug|Any CPU
		{31C02BFB-2CB8-4509-9B0D-CDE00902E267}.Debug|Any CPU.Build.0 = Debug|Any CPU
		{31C02BFB-2CB8-4509-9B0D-CDE00902E267}.Release|Any CPU.ActiveCfg = Release|Any CPU
		{31C02BFB-2CB8-4509-9B0D-CDE00902E267}.Release|Any CPU.Build.0 = Release|Any CPU
		{35E521FE-401E-47A7-B130-2BEFC36B9D6C}.Debug|Any CPU.ActiveCfg = Debug|Any CPU
		{35E521FE-401E-47A7-B130-2BEFC36B9D6C}.Debug|Any CPU.Build.0 = Debug|Any CPU
		{35E521FE-401E-47A7-B130-2BEFC36B9D6C}.Release|Any CPU.ActiveCfg = Release|Any CPU
		{35E521FE-401E-47A7-B130-2BEFC36B9D6C}.Release|Any CPU.Build.0 = Release|Any CPU
		{B60CA688-8E47-4B74-B36F-12EEAE61C9F2}.Debug|Any CPU.ActiveCfg = Debug|Any CPU
		{B60CA688-8E47-4B74-B36F-12EEAE61C9F2}.Debug|Any CPU.Build.0 = Debug|Any CPU
		{B60CA688-8E47-4B74-B36F-12EEAE61C9F2}.Release|Any CPU.ActiveCfg = Release|Any CPU
		{B60CA688-8E47-4B74-B36F-12EEAE61C9F2}.Release|Any CPU.Build.0 = Release|Any CPU
	EndGlobalSection
	GlobalSection(SolutionProperties) = preSolution
		HideSolutionNode = FALSE
	EndGlobalSection
	GlobalSection(ExtensibilityGlobals) = postSolution
		SolutionGuid = {6A970F20-9618-432D-88BF-A8CFE35EE4FA}
	EndGlobalSection
EndGlobal
